# This file was autogenerated by uv via the following command:
#    uv pip compile requirements.txt --output-file requirements.lock --python-version 3.13
anyio==4.14.2
    # via gql
backoff==2.2.1
    # via gql
certifi==2026.7.22
    # via requests
charset-normalizer==3.5.1
    # via requests
gql==4.0.0
    # via -r requirements.txt
graphql-core==3.2.11
    # via gql
idna==3.19
    # via
    #   anyio
    #   requests
    #   yarl
multidict==6.7.1
    # via yarl
propcache==0.5.2
    # via yarl
pyasn1==0.6.4
    # via
    #   pyasn1-modules
    #   python-ldap
pyasn1-modules==0.4.2
    # via python-ldap
python-dotenv==1.2.3
    # via -r requirements.txt
python-ldap==3.4.7
    # via -r requirements.txt
requests==2.34.2
    # via -r requirements.txt
urllib3==2.7.0
    # via requests
yarl==1.24.5
    # via gql
